
Microsoft Visual Studio Solution File, Format Version 12.00
# Visual Studio Version 17
VisualStudioVersion = 17.5.33627.172
MinimumVisualStudioVersion = 10.0.40219.1
Project("{8BC9CEB8-8B4A-11D0-8D11-00A0C91BC942}") = "Class Templates", "Class Templates.vcxproj", "{C8F2643A-6236-4CCE-B936-35A11128D8BA}"
EndProject
Global
	GlobalSection(SolutionConfigurationPlatforms) = preSolution
		Debug|x64 = Debug|x64
		Debug|x86 = Debug|x86
		Release|x64 = Release|x64
		Release|x86 = Release|x86
	EndGlobalSection
	GlobalSection(ProjectConfigurationPlatforms) = postSolution
		{C8F2643A-6236-4CCE-B936-35A11128D8BA}.Debug|x64.ActiveCfg = Debug|x64
		{C8F2643A-6236-4CCE-B936-35A11128D8BA}.Debug|x64.Build.0 = Debug|x64
		{C8F2643A-6236-4CCE-B936-35A11128D8BA}.Debug|x86.ActiveCfg = Debug|Win32
		{C8F2643A-6236-4CCE-B936-35A11128D8BA}.Debug|x86.Build.0 = Debug|Win32
		{C8F2643A-6236-4CCE-B936-35A11128D8BA}.Release|x64.ActiveCfg = Release|x64
		{C8F2643A-6236-4CCE-B936-35A11128D8BA}.Release|x64.Build.0 = Release|x64
		{C8F2643A-6236-4CCE-B936-35A11128D8BA}.Release|x86.ActiveCfg = Release|Win32
		{C8F2643A-6236-4CCE-B936-35A11128D8BA}.Release|x86.Build.0 = Release|Win32
	EndGlobalSection
	GlobalSection(SolutionProperties) = preSolution
		HideSolutionNode = FALSE
	EndGlobalSection
	GlobalSection(ExtensibilityGlobals) = postSolution
		SolutionGuid = {0D305169-5BC7-4853-AEFD-FF9AAA7AFB04}
	EndGlobalSection
EndGlobal
